// !$*UTF8*$!
{
	archiveVersion = 1;
	classes = {
	};
	objectVersion = 46;
	objects = {

/* Begin PBXBuildFile section */
		6B33DE141E4CBE0300044AE6 /* AppDelegate.swift in Sources */ = {isa = PBXBuildFile; fileRef = 6B33DE131E4CBE0300044AE6 /* AppDelegate.swift */; };
		6B33DE161E4CBE0300044AE6 /* ViewController.swift in Sources */ = {isa = PBXBuildFile; fileRef = 6B33DE151E4CBE0300044AE6 /* ViewController.swift */; };
		6B33DE191E4CBE0300044AE6 /* Main.storyboard in Resources */ = {isa = PBXBuildFile; fileRef = 6B33DE171E4CBE0300044AE6 /* Main.storyboard */; };
		6B33DE1B1E4CBE0300044AE6 /* Assets.xcassets in Resources */ = {isa = PBXBuildFile; fileRef = 6B33DE1A1E4CBE0300044AE6 /* Assets.xcassets */; };
		6B33DE1E1E4CBE0300044AE6 /* LaunchScreen.storyboard in Resources */ = {isa = PBXBuildFile; fileRef = 6B33DE1C1E4CBE0300044AE6 /* LaunchScreen.storyboard */; };
/* End PBXBuildFile section */

/* Begin PBXFileReference section */
		6B33DE101E4CBE0300044AE6 /* StarWarsPagination.app */ = {isa = PBXFileReference; explicitFileType = wrapper.application; includeInIndex = 0; path = StarWarsPagination.app; sourceTree = BUILT_PRODUCTS_DIR; };
		6B33DE131E4CBE0300044AE6 /* AppDelegate.swift */ = {isa = PBXFileReference; lastKnownFileType = sourcecode.swift; path = AppDelegate.swift; sourceTree = "<group>"; };
		6B33DE151E4CBE0300044AE6 /* ViewController.swift */ = {isa = PBXFileReference; lastKnownFileType = sourcecode.swift; path = ViewController.swift; sourceTree = "<group>"; };
		6B33DE181E4CBE0300044AE6 /* Base */ = {isa = PBXFileReference; lastKnownFileType = file.storyboard; name = Base; path = Base.lproj/Main.storyboard; sourceTree = "<group>"; };
		6B33DE1A1E4CBE0300044AE6 /* Assets.xcassets */ = {isa = PBXFileReference; lastKnownFileType = folder.assetcatalog; path = Assets.xcassets; sourceTree = "<group>"; };
		6B33DE1D1E4CBE0300044AE6 /* Base */ = {isa = PBXFileReference; lastKnownFileType = file.storyboard; name = Base; path = Base.lproj/LaunchScreen.storyboard; sourceTree = "<group>"; };
		6B33DE1F1E4CBE0300044AE6 /* Info.plist */ = {isa = PBXFileReference; lastKnownFileType = text.plist.xml; path = Info.plist; sourceTree = "<group>"; };
/* End PBXFileReference section */

/* Begin PBXFrameworksBuildPhase section */
		6B33DE0D1E4CBE0200044AE6 /* Frameworks */ = {
			isa = PBXFrameworksBuildPhase;
			buildActionMask = 2147483647;
			files = (
			);
			runOnlyForDeploymentPostprocessing = 0;
		};
/* End PBXFrameworksBuildPhase section */

/* Begin PBXGroup section */
		6B33DE071E4CBE0200044AE6 = {
			isa = PBXGroup;
			children = (
				6B33DE121E4CBE0300044AE6 /* StarWarsPagination */,
				6B33DE111E4CBE0300044AE6 /* Products */,
			);
			sourceTree = "<group>";
		};
		6B33DE111E4CBE0300044AE6 /* Products */ = {
			isa = PBXGroup;
			children = (
				6B33DE101E4CBE0300044AE6 /* StarWarsPagination.app */,
			);
			name = Products;
			sourceTree = "<group>";
		};
		6B33DE121E4CBE0300044AE6 /* StarWarsPagination */ = {
			isa = PBXGroup;
			children = (
				6B33DE131E4CBE0300044AE6 /* AppDelegate.swift */,
				6B33DE151E4CBE0300044AE6 /* ViewController.swift */,
				6B33DE171E4CBE0300044AE6 /* Main.storyboard */,
				6B33DE1A1E4CBE0300044AE6 /* Assets.xcassets */,
				6B33DE1C1E4CBE0300044AE6 /* LaunchScreen.storyboard */,
				6B33DE1F1E4CBE0300044AE6 /* Info.plist */,
			);
			path = StarWarsPagination;
			sourceTree = "<group>";
		};
/* End PBXGroup section */

/* Begin PBXNativeTarget section */
		6B33DE0F1E4CBE0200044AE6 /* StarWarsPagination */ = {
			isa = PBXNativeTarget;
			buildConfigurationList = 6B33DE221E4CBE0300044AE6 /* Build configuration list for PBXNativeTarget "StarWarsPagination" */;
			buildPhases = (
				6B33DE0C1E4CBE0200044AE6 /* Sources */,
				6B33DE0D1E4CBE0200044AE6 /* Frameworks */,
				6B33DE0E1E4CBE0200044AE6 /* Resources */,
			);
			buildRules = (
			);
			dependencies = (
			);
			name = StarWarsPagination;
			productName = StarWarsPagination;
			productReference = 6B33DE101E4CBE0300044AE6 /* StarWarsPagination.app */;
			productType = "com.apple.product-type.application";
		};
/* End PBXNativeTarget section */

/* Begin PBXProject section */
		6B33DE081E4CBE0200044AE6 /* Project object */ = {
			isa = PBXProject;
			attributes = {
				LastSwiftUpdateCheck = 0820;
				LastUpgradeCheck = 0820;
				ORGANIZATIONNAME = "Alfian Losari";
				TargetAttributes = {
					6B33DE0F1E4CBE0200044AE6 = {
						CreatedOnToolsVersion = 8.2.1;
						DevelopmentTeam = 5C2XD9H2JS;
						ProvisioningStyle = Automatic;
					};
				};
			};
			buildConfigurationList = 6B33DE0B1E4CBE0200044AE6 /* Build configuration list for PBXProject "StarWarsPagination" */;
			compatibilityVersion = "Xcode 3.2";
			developmentRegion = English;
			hasScannedForEncodings = 0;
			knownRegions = (
				en,
				Base,
			);
			mainGroup = 6B33DE071E4CBE0200044AE6;
			productRefGroup = 6B33DE111E4CBE0300044AE6 /* Products */;
			projectDirPath = "";
			projectRoot = "";
			targets = (
				6B33DE0F1E4CBE0200044AE6 /* StarWarsPagination */,
			);
		};
/* End PBXProject section */

/* Begin PBXResourcesBuildPhase section */
		6B33DE0E1E4CBE0200044AE6 /* Resources */ = {
			isa = PBXResourcesBuildPhase;
			buildActionMask = 2147483647;
			files = (
				6B33DE1E1E4CBE0300044AE6 /* LaunchScreen.storyboard in Resources */,
				6B33DE1B1E4CBE0300044AE6 /* Assets.xcassets in Resources */,
				6B33DE191E4CBE0300044AE6 /* Main.storyboard in Resources */,
			);
			runOnlyForDeploymentPostprocessing = 0;
		};
/* End PBXResourcesBuildPhase section */

/* Begin PBXSourcesBuildPhase section */
		6B33DE0C1E4CBE0200044AE6 /* Sources */ = {
			isa = PBXSourcesBuildPhase;
			buildActionMask = 2147483647;
			files = (
				6B33DE161E4CBE0300044AE6 /* ViewController.swift in Sources */,
				6B33DE141E4CBE0300044AE6 /* AppDelegate.swift in Sources */,
			);
			runOnlyForDeploymentPostprocessing = 0;
		};
/* End PBXSourcesBuildPhase section */

/* Begin PBXVariantGroup section */
		6B33DE171E4CBE0300044AE6 /* Main.storyboard */ = {
			isa = PBXVariantGroup;
			children = (
				6B33DE181E4CBE0300044AE6 /* Base */,
			);
			name = Main.storyboard;
			sourceTree = "<group>";
		};
		6B33DE1C1E4CBE0300044AE6 /* LaunchScreen.storyboard */ = {
			isa = PBXVariantGroup;
			children = (
				6B33DE1D1E4CBE0300044AE6 /* Base */,
			);
			name = LaunchScreen.storyboard;
			sourceTree = "<group>";
		};
/* End PBXVariantGroup section */

/* Begin XCBuildConfiguration section */
		6B33DE201E4CBE0300044AE6 /* Debug */ = {
			isa = XCBuildConfiguration;
			buildSettings = {
				ALWAYS_SEARCH_USER_PATHS = NO;
				CLANG_ANALYZER_NONNULL = YES;
				CLANG_CXX_LANGUAGE_STANDARD = "gnu++0x";
				CLANG_CXX_LIBRARY = "libc++";
				CLANG_ENABLE_MODULES = YES;
				CLANG_ENABLE_OBJC_ARC = YES;
				CLANG_WARN_BOOL_CONVERSION = YES;
				CLANG_WARN_CONSTANT_CONVERSION = YES;
				CLANG_WARN_DIRECT_OBJC_ISA_USAGE = YES_ERROR;
				CLANG_WARN_DOCUMENTATION_COMMENTS = YES;
				CLANG_WARN_EMPTY_BODY = YES;
				CLANG_WARN_ENUM_CONVERSION = YES;
				CLANG_WARN_INFINITE_RECURSION = YES;
				CLANG_WARN_INT_CONVERSION = YES;
				CLANG_WARN_OBJC_ROOT_CLASS = YES_ERROR;
				CLANG_WARN_SUSPICIOUS_MOVE = YES;
				CLANG_WARN_UNREACHABLE_CODE = YES;
				CLANG_WARN__DUPLICATE_METHOD_MATCH = YES;
				"CODE_SIGN_IDENTITY[sdk=iphoneos*]" = "iPhone Developer";
				COPY_PHASE_STRIP = NO;
				DEBUG_INFORMATION_FORMAT = dwarf;
				ENABLE_STRICT_OBJC_MSGSEND = YES;
				ENABLE_TESTABILITY = YES;
				GCC_C_LANGUAGE_STANDARD = gnu99;
				GCC_DYNAMIC_NO_PIC = NO;
				GCC_NO_COMMON_BLOCKS = YES;
				GCC_OPTIMIZATION_LEVEL = 0;
				GCC_PREPROCESSOR_DEFINITIONS = (
					"DEBUG=1",
					"$(inherited)",
				);
				GCC_WARN_64_TO_32_BIT_CONVERSION = YES;
				GCC_WARN_ABOUT_RETURN_TYPE = YES_ERROR;
				GCC_WARN_UNDECLARED_SELECTOR = YES;
				GCC_WARN_UNINITIALIZED_AUTOS = YES_AGGRESSIVE;
				GCC_WARN_UNUSED_FUNCTION = YES;
				GCC_WARN_UNUSED_VARIABLE = YES;
				IPHONEOS_DEPLOYMENT_TARGET = 10.2;
				MTL_ENABLE_DEBUG_INFO = YES;
				ONLY_ACTIVE_ARCH = YES;
				SDKROOT = iphoneos;
				SWIFT_ACTIVE_COMPILATION_CONDITIONS = DEBUG;
				SWIFT_OPTIMIZATION_LEVEL = "-Onone";
				TARGETED_DEVICE_FAMILY = "1,2";
			};
			name = Debug;
		};
		6B33DE211E4CBE0300044AE6 /* Release */ = {
			isa = XCBuildConfiguration;
			buildSettings = {
				ALWAYS_SEARCH_USER_PATHS = NO;
				CLANG_ANALYZER_NONNULL = YES;
				CLANG_CXX_LANGUAGE_STANDARD = "gnu++0x";
				CLANG_CXX_LIBRARY = "libc++";
				CLANG_ENABLE_MODULES = YES;
				CLANG_ENABLE_OBJC_ARC = YES;
				CLANG_WARN_BOOL_CONVERSION = YES;
				CLANG_WARN_CONSTANT_CONVERSION = YES;
				CLANG_WARN_DIRECT_OBJC_ISA_USAGE = YES_ERROR;
				CLANG_WARN_DOCUMENTATION_COMMENTS = YES;
				CLANG_WARN_EMPTY_BODY = YES;
				CLANG_WARN_ENUM_CONVERSION = YES;
				CLANG_WARN_INFINITE_RECURSION = YES;
				CLANG_WARN_INT_CONVERSION = YES;
				CLANG_WARN_OBJC_ROOT_CLASS = YES_ERROR;
				CLANG_WARN_SUSPICIOUS_MOVE = YES;
				CLANG_WARN_UNREACHABLE_CODE = YES;
				CLANG_WARN__DUPLICATE_METHOD_MATCH = YES;
				"CODE_SIGN_IDENTITY[sdk=iphoneos*]" = "iPhone Developer";
				COPY_PHASE_STRIP = NO;
				DEBUG_INFORMATION_FORMAT = "dwarf-with-dsym";
				ENABLE_NS_ASSERTIONS = NO;
				ENABLE_STRICT_OBJC_MSGSEND = YES;
				GCC_C_LANGUAGE_STANDARD = gnu99;
				GCC_NO_COMMON_BLOCKS = YES;
				GCC_WARN_64_TO_32_BIT_CONVERSION = YES;
				GCC_WARN_ABOUT_RETURN_TYPE = YES_ERROR;
				GCC_WARN_UNDECLARED_SELECTOR = YES;
				GCC_WARN_UNINITIALIZED_AUTOS = YES_AGGRESSIVE;
				GCC_WARN_UNUSED_FUNCTION = YES;
				GCC_WARN_UNUSED_VARIABLE = YES;
				IPHONEOS_DEPLOYMENT_TARGET = 10.2;
				MTL_ENABLE_DEBUG_INFO = NO;
				SDKROOT = iphoneos;
				SWIFT_OPTIMIZATION_LEVEL = "-Owholemodule";
				TARGETED_DEVICE_FAMILY = "1,2";
				VALIDATE_PRODUCT = YES;
			};
			name = Release;
		};
		6B33DE231E4CBE0300044AE6 /* Debug */ = {
			isa = XCBuildConfiguration;
			buildSettings = {
				ASSETCATALOG_COMPILER_APPICON_NAME = AppIcon;
				DEVELOPMENT_TEAM = 5C2XD9H2JS;
				INFOPLIST_FILE = StarWarsPagination/Info.plist;
				LD_RUNPATH_SEARCH_PATHS = "$(inherited) @executable_path/Frameworks";
				PRODUCT_BUNDLE_IDENTIFIER = com.alfianlosari.StarWarsPagination;
				PRODUCT_NAME = "$(TARGET_NAME)";
				SWIFT_VERSION = 3.0;
			};
			name = Debug;
		};
		6B33DE241E4CBE0300044AE6 /* Release */ = {
			isa = XCBuildConfiguration;
			buildSettings = {
				ASSETCATALOG_COMPILER_APPICON_NAME = AppIcon;
				DEVELOPMENT_TEAM = 5C2XD9H2JS;
				INFOPLIST_FILE = StarWarsPagination/Info.plist;
				LD_RUNPATH_SEARCH_PATHS = "$(inherited) @executable_path/Frameworks";
				PRODUCT_BUNDLE_IDENTIFIER = com.alfianlosari.StarWarsPagination;
				PRODUCT_NAME = "$(TARGET_NAME)";
				SWIFT_VERSION = 3.0;
			};
			name = Release;
		};
/* End XCBuildConfiguration section */

/* Begin XCConfigurationList section */
		6B33DE0B1E4CBE0200044AE6 /* Build configuration list for PBXProject "StarWarsPagination" */ = {
			isa = XCConfigurationList;
			buildConfigurations = (
				6B33DE201E4CBE0300044AE6 /* Debug */,
				6B33DE211E4CBE0300044AE6 /* Release */,
			);
			defaultConfigurationIsVisible = 0;
			defaultConfigurationName = Release;
		};
		6B33DE221E4CBE0300044AE6 /* Build configuration list for PBXNativeTarget "StarWarsPagination" */ = {
			isa = XCConfigurationList;
			buildConfigurations = (
				6B33DE231E4CBE0300044AE6 /* Debug */,
				6B33DE241E4CBE0300044AE6 /* Release */,
			);
			defaultConfigurationIsVisible = 0;
		};
/* End XCConfigurationList section */
	};
	rootObject = 6B33DE081E4CBE0200044AE6 /* Project object */;
}
